
Microsoft Visual Studio Solution File, Format Version 12.00
# Visual Studio Version 17
VisualStudioVersion = 17.5.33516.290
MinimumVisualStudioVersion = 10.0.40219.1
Project("{2150E333-8FDC-42A3-9474-1A3956D46DE8}") = "Backend", "Backend", "{2D51E1C5-E1DC-4088-9565-586ED2B16811}"
EndProject
Project("{2150E333-8FDC-42A3-9474-1A3956D46DE8}") = "Frontend", "Frontend", "{2687B813-E7C2-46D9-B686-59B3712DD7AC}"
EndProject
Project("{2150E333-8FDC-42A3-9474-1A3956D46DE8}") = "Services", "Services", "{EF9C875D-CC80-4987-B947-0D514A772AC3}"
EndProject
Project("{2150E333-8FDC-42A3-9474-1A3956D46DE8}") = "Libraries", "Libraries", "{B512543A-5D8E-4410-8AE2-4072F42E3863}"
EndProject
Project("{9A19103F-16F7-4668-BE54-9A1E7A4F7556}") = "TradingBot.Backend.Libraries.Application", "Backend\Libraries\TradingBot.Backend.Libraries.Application\TradingBot.Backend.Libraries.Application.csproj", "{75A3672F-3ED1-4203-989E-E237AB98D3FE}"
EndProject
Project("{9A19103F-16F7-4668-BE54-9A1E7A4F7556}") = "TradingBot.Backend.Libraries.Domain", "Backend\Libraries\TradingBot.Backend.Libraries.Domain\TradingBot.Backend.Libraries.Domain.csproj", "{C1089BD0-A543-430F-B246-A14006023BC3}"
EndProject
Project("{9A19103F-16F7-4668-BE54-9A1E7A4F7556}") = "TradingBot.Backend.Libraries.Persistence", "Backend\Libraries\TradingBot.Backend.Libraries.Persistence\TradingBot.Backend.Libraries.Persistence.csproj", "{AC051677-1C4E-4648-9D1E-786E814C2B2F}"
EndProject
Project("{9A19103F-16F7-4668-BE54-9A1E7A4F7556}") = "TradingBot.Backend.Libraries.Infrastructure", "Backend\Libraries\TradingBot.Backend.Libraries.Infrastructure\TradingBot.Backend.Libraries.Infrastructure.csproj", "{3A3C005D-1DF3-4DE1-9721-15611EC4D92E}"
EndProject
Project("{9A19103F-16F7-4668-BE54-9A1E7A4F7556}") = "TradingBot.Backend.Gateway.API", "Backend\TradingBot.Backend.Gateway.API\TradingBot.Backend.Gateway.API.csproj", "{06B1DF2F-E080-40D2-AFFF-10516DB9A8C8}"
EndProject
Project("{9A19103F-16F7-4668-BE54-9A1E7A4F7556}") = "TradingBot.Backend.Libraries.ApiCore", "Backend\Libraries\TradingBot.Backend.Libraries.ApiCore\TradingBot.Backend.Libraries.ApiCore.csproj", "{30D339BD-A4E4-4F83-A8EC-3056E5228DC3}"
EndProject
Project("{9A19103F-16F7-4668-BE54-9A1E7A4F7556}") = "TradingBot.Backend.Services.User.API", "Backend\Services\TradingBot.Backend.Services.User.API\TradingBot.Backend.Services.User.API.csproj", "{84DC4F7F-BD6D-4628-BD67-DB13703E6228}"
EndProject
Project("{FAE04EC0-301F-11D3-BF4B-00C04F79EFBC}") = "TradingBot.Backend.Services.Binance.API", "Backend\Services\TradingBot.Backend.Services.Binance.API\TradingBot.Backend.Services.Binance.API.csproj", "{F8DA2F30-2728-403A-B5A3-AD0AEB5F8670}"
EndProject
Global
	GlobalSection(SolutionConfigurationPlatforms) = preSolution
		Debug|Any CPU = Debug|Any CPU
		Release|Any CPU = Release|Any CPU
	EndGlobalSection
	GlobalSection(ProjectConfigurationPlatforms) = postSolution
		{75A3672F-3ED1-4203-989E-E237AB98D3FE}.Debug|Any CPU.ActiveCfg = Debug|Any CPU
		{75A3672F-3ED1-4203-989E-E237AB98D3FE}.Debug|Any CPU.Build.0 = Debug|Any CPU
		{75A3672F-3ED1-4203-989E-E237AB98D3FE}.Release|Any CPU.ActiveCfg = Release|Any CPU
		{75A3672F-3ED1-4203-989E-E237AB98D3FE}.Release|Any CPU.Build.0 = Release|Any CPU
		{C1089BD0-A543-430F-B246-A14006023BC3}.Debug|Any CPU.ActiveCfg = Debug|Any CPU
		{C1089BD0-A543-430F-B246-A14006023BC3}.Debug|Any CPU.Build.0 = Debug|Any CPU
		{C1089BD0-A543-430F-B246-A14006023BC3}.Release|Any CPU.ActiveCfg = Release|Any CPU
		{C1089BD0-A543-430F-B246-A14006023BC3}.Release|Any CPU.Build.0 = Release|Any CPU
		{AC051677-1C4E-4648-9D1E-786E814C2B2F}.Debug|Any CPU.ActiveCfg = Debug|Any CPU
		{AC051677-1C4E-4648-9D1E-786E814C2B2F}.Debug|Any CPU.Build.0 = Debug|Any CPU
		{AC051677-1C4E-4648-9D1E-786E814C2B2F}.Release|Any CPU.ActiveCfg = Release|Any CPU
		{AC051677-1C4E-4648-9D1E-786E814C2B2F}.Release|Any CPU.Build.0 = Release|Any CPU
		{3A3C005D-1DF3-4DE1-9721-15611EC4D92E}.Debug|Any CPU.ActiveCfg = Debug|Any CPU
		{3A3C005D-1DF3-4DE1-9721-15611EC4D92E}.Debug|Any CPU.Build.0 = Debug|Any CPU
		{3A3C005D-1DF3-4DE1-9721-15611EC4D92E}.Release|Any CPU.ActiveCfg = Release|Any CPU
		{3A3C005D-1DF3-4DE1-9721-15611EC4D92E}.Release|Any CPU.Build.0 = Release|Any CPU
		{06B1DF2F-E080-40D2-AFFF-10516DB9A8C8}.Debug|Any CPU.ActiveCfg = Debug|Any CPU
		{06B1DF2F-E080-40D2-AFFF-10516DB9A8C8}.Debug|Any CPU.Build.0 = Debug|Any CPU
		{06B1DF2F-E080-40D2-AFFF-10516DB9A8C8}.Release|Any CPU.ActiveCfg = Release|Any CPU
		{06B1DF2F-E080-40D2-AFFF-10516DB9A8C8}.Release|Any CPU.Build.0 = Release|Any CPU
		{30D339BD-A4E4-4F83-A8EC-3056E5228DC3}.Debug|Any CPU.ActiveCfg = Debug|Any CPU
		{30D339BD-A4E4-4F83-A8EC-3056E5228DC3}.Debug|Any CPU.Build.0 = Debug|Any CPU
		{30D339BD-A4E4-4F83-A8EC-3056E5228DC3}.Release|Any CPU.ActiveCfg = Release|Any CPU
		{30D339BD-A4E4-4F83-A8EC-3056E5228DC3}.Release|Any CPU.Build.0 = Release|Any CPU
		{84DC4F7F-BD6D-4628-BD67-DB13703E6228}.Debug|Any CPU.ActiveCfg = Debug|Any CPU
		{84DC4F7F-BD6D-4628-BD67-DB13703E6228}.Debug|Any CPU.Build.0 = Debug|Any CPU
		{84DC4F7F-BD6D-4628-BD67-DB13703E6228}.Release|Any CPU.ActiveCfg = Release|Any CPU
		{84DC4F7F-BD6D-4628-BD67-DB13703E6228}.Release|Any CPU.Build.0 = Release|Any CPU
		{F8DA2F30-2728-403A-B5A3-AD0AEB5F8670}.Debug|Any CPU.ActiveCfg = Debug|Any CPU
		{F8DA2F30-2728-403A-B5A3-AD0AEB5F8670}.Debug|Any CPU.Build.0 = Debug|Any CPU
		{F8DA2F30-2728-403A-B5A3-AD0AEB5F8670}.Release|Any CPU.ActiveCfg = Release|Any CPU
		{F8DA2F30-2728-403A-B5A3-AD0AEB5F8670}.Release|Any CPU.Build.0 = Release|Any CPU
	EndGlobalSection
	GlobalSection(SolutionProperties) = preSolution
		HideSolutionNode = FALSE
	EndGlobalSection
	GlobalSection(NestedProjects) = preSolution
		{EF9C875D-CC80-4987-B947-0D514A772AC3} = {2D51E1C5-E1DC-4088-9565-586ED2B16811}
		{B512543A-5D8E-4410-8AE2-4072F42E3863} = {2D51E1C5-E1DC-4088-9565-586ED2B16811}
		{75A3672F-3ED1-4203-989E-E237AB98D3FE} = {B512543A-5D8E-4410-8AE2-4072F42E3863}
		{C1089BD0-A543-430F-B246-A14006023BC3} = {B512543A-5D8E-4410-8AE2-4072F42E3863}
		{AC051677-1C4E-4648-9D1E-786E814C2B2F} = {B512543A-5D8E-4410-8AE2-4072F42E3863}
		{3A3C005D-1DF3-4DE1-9721-15611EC4D92E} = {B512543A-5D8E-4410-8AE2-4072F42E3863}
		{06B1DF2F-E080-40D2-AFFF-10516DB9A8C8} = {2D51E1C5-E1DC-4088-9565-586ED2B16811}
		{30D339BD-A4E4-4F83-A8EC-3056E5228DC3} = {B512543A-5D8E-4410-8AE2-4072F42E3863}
		{84DC4F7F-BD6D-4628-BD67-DB13703E6228} = {EF9C875D-CC80-4987-B947-0D514A772AC3}
		{F8DA2F30-2728-403A-B5A3-AD0AEB5F8670} = {EF9C875D-CC80-4987-B947-0D514A772AC3}
	EndGlobalSection
	GlobalSection(ExtensibilityGlobals) = postSolution
		SolutionGuid = {B77BB783-9F52-4B80-93A3-39B42B5EAB6E}
	EndGlobalSection
EndGlobal
